
Microsoft Visual Studio Solution File, Format Version 12.00
# Visual Studio Version 17
VisualStudioVersion = 17.8.34316.72
MinimumVisualStudioVersion = 10.0.40219.1
Project("{FAE04EC0-301F-11D3-BF4B-00C04F79EFBC}") = "DmitrievDenisKt-31-20", "DmitrievDenisKt-31-20\DmitrievDenisKt-31-20.csproj", "{A10C69D3-6221-4DE9-9B77-09515C494AB4}"
EndProject
Global
	GlobalSection(SolutionConfigurationPlatforms) = preSolution
		Debug|Any CPU = Debug|Any CPU
		Release|Any CPU = Release|Any CPU
	EndGlobalSection
	GlobalSection(ProjectConfigurationPlatforms) = postSolution
		{A10C69D3-6221-4DE9-9B77-09515C494AB4}.Debug|Any CPU.ActiveCfg = Debug|Any CPU
		{A10C69D3-6221-4DE9-9B77-09515C494AB4}.Debug|Any CPU.Build.0 = Debug|Any CPU
		{A10C69D3-6221-4DE9-9B77-09515C494AB4}.Release|Any CPU.ActiveCfg = Release|Any CPU
		{A10C69D3-6221-4DE9-9B77-09515C494AB4}.Release|Any CPU.Build.0 = Release|Any CPU
	EndGlobalSection
	GlobalSection(SolutionProperties) = preSolution
		HideSolutionNode = FALSE
	EndGlobalSection
	GlobalSection(ExtensibilityGlobals) = postSolution
		SolutionGuid = {0DBC76B6-34AA-4D1B-99BA-EA6E1EADBEFD}
	EndGlobalSection
EndGlobal
